
Microsoft Visual Studio Solution File, Format Version 12.00
# Visual Studio Version 17
VisualStudioVersion = 17.0.31903.59
MinimumVisualStudioVersion = 10.0.40219.1
Project("{FAE04EC0-301F-11D3-BF4B-00C04F79EFBC}") = "utils", "utils\utils.csproj", "{5509712F-3452-4754-94DB-1496F146FAF2}"
EndProject
Project("{FAE04EC0-301F-11D3-BF4B-00C04F79EFBC}") = "solutions.tests", "solutions.tests\solutions.tests.csproj", "{05D8DB69-048A-411D-BEF4-58BC3A4106DF}"
EndProject
Global
	GlobalSection(SolutionConfigurationPlatforms) = preSolution
		Debug|Any CPU = Debug|Any CPU
		Release|Any CPU = Release|Any CPU
	EndGlobalSection
	GlobalSection(SolutionProperties) = preSolution
		HideSolutionNode = FALSE
	EndGlobalSection
	GlobalSection(ProjectConfigurationPlatforms) = postSolution
		{5509712F-3452-4754-94DB-1496F146FAF2}.Debug|Any CPU.ActiveCfg = Debug|Any CPU
		{5509712F-3452-4754-94DB-1496F146FAF2}.Debug|Any CPU.Build.0 = Debug|Any CPU
		{5509712F-3452-4754-94DB-1496F146FAF2}.Release|Any CPU.ActiveCfg = Release|Any CPU
		{5509712F-3452-4754-94DB-1496F146FAF2}.Release|Any CPU.Build.0 = Release|Any CPU
		{05D8DB69-048A-411D-BEF4-58BC3A4106DF}.Debug|Any CPU.ActiveCfg = Debug|Any CPU
		{05D8DB69-048A-411D-BEF4-58BC3A4106DF}.Debug|Any CPU.Build.0 = Debug|Any CPU
		{05D8DB69-048A-411D-BEF4-58BC3A4106DF}.Release|Any CPU.ActiveCfg = Release|Any CPU
		{05D8DB69-048A-411D-BEF4-58BC3A4106DF}.Release|Any CPU.Build.0 = Release|Any CPU
	EndGlobalSection
EndGlobal
