
Microsoft Visual Studio Solution File, Format Version 12.00
# Visual Studio Version 17
VisualStudioVersion = 17.0.31903.59
MinimumVisualStudioVersion = 10.0.40219.1
Project("{FAE04EC0-301F-11D3-BF4B-00C04F79EFBC}") = "utils", "utils\utils.csproj", "{5509712F-3452-4754-94DB-1496F146FAF2}"
EndProject
Project("{FAE04EC0-301F-11D3-BF4B-00C04F79EFBC}") = "solutions.tests", "solutions.tests\solutions.tests.csproj", "{05D8DB69-048A-411D-BEF4-58BC3A4106DF}"
EndProject
Project("{FAE04EC0-301F-11D3-BF4B-00C04F79EFBC}") = "day-2024-12-01", "day-2024-12-01\day-2024-12-01.csproj", "{EAED0F92-67FD-4756-BA56-772040C9740F}"
EndProject
Project("{FAE04EC0-301F-11D3-BF4B-00C04F79EFBC}") = "day-2024-12-01.app", "day-2024-12-01.app\day-2024-12-01.app.csproj", "{DBA2F4AC-F834-41F0-B7F9-EBA008AEF32F}"
EndProject
Project("{FAE04EC0-301F-11D3-BF4B-00C04F79EFBC}") = "day-2024-12-01.tests", "day-2024-12-01.tests\day-2024-12-01.tests.csproj", "{734B84B9-BF68-4E88-A6E6-8C4C29658BAD}"
EndProject
Project("{FAE04EC0-301F-11D3-BF4B-00C04F79EFBC}") = "day-2024-12-02", "day-2024-12-02\day-2024-12-02.csproj", "{E423CE2F-4447-4171-A9DD-1E045C2A63E7}"
EndProject
Project("{FAE04EC0-301F-11D3-BF4B-00C04F79EFBC}") = "day-2024-12-02.app", "day-2024-12-02.app\day-2024-12-02.app.csproj", "{D0D106CA-7A74-4CC0-A441-C4A52A66519C}"
EndProject
Project("{FAE04EC0-301F-11D3-BF4B-00C04F79EFBC}") = "day-2024-12-02.tests", "day-2024-12-02.tests\day-2024-12-02.tests.csproj", "{B1B649C6-B7DC-432B-A51A-6A6FCFE82ADC}"
EndProject
Project("{FAE04EC0-301F-11D3-BF4B-00C04F79EFBC}") = "day-2024-12-03", "day-2024-12-03\day-2024-12-03.csproj", "{E08E2138-0F88-4B2C-BD1F-AFEB1E50174B}"
EndProject
Project("{FAE04EC0-301F-11D3-BF4B-00C04F79EFBC}") = "day-2024-12-03.app", "day-2024-12-03.app\day-2024-12-03.app.csproj", "{0B8D3729-4807-482E-8437-2D16AC116DDD}"
EndProject
Project("{FAE04EC0-301F-11D3-BF4B-00C04F79EFBC}") = "day-2024-12-03.tests", "day-2024-12-03.tests\day-2024-12-03.tests.csproj", "{2656FF59-D45B-4D2B-A70A-0B2C353C3E2C}"
EndProject
Project("{FAE04EC0-301F-11D3-BF4B-00C04F79EFBC}") = "day-2024-12-04", "day-2024-12-04\day-2024-12-04.csproj", "{8151D601-C75A-4542-9733-B56F24FA623F}"
EndProject
Project("{FAE04EC0-301F-11D3-BF4B-00C04F79EFBC}") = "day-2024-12-04.app", "day-2024-12-04.app\day-2024-12-04.app.csproj", "{6352E598-DAEB-4026-A34D-BF30FEEDC019}"
EndProject
Project("{FAE04EC0-301F-11D3-BF4B-00C04F79EFBC}") = "day-2024-12-04.tests", "day-2024-12-04.tests\day-2024-12-04.tests.csproj", "{C4B59DC9-8298-4361-A4A8-746171EF0AFD}"
EndProject
Project("{FAE04EC0-301F-11D3-BF4B-00C04F79EFBC}") = "day-2024-12-05", "day-2024-12-05\day-2024-12-05.csproj", "{3A6482E9-F5AE-41AC-8540-164B8A873198}"
EndProject
Project("{FAE04EC0-301F-11D3-BF4B-00C04F79EFBC}") = "day-2024-12-05.app", "day-2024-12-05.app\day-2024-12-05.app.csproj", "{46B28EF7-53CA-4EAC-B61A-68D8F102BBBB}"
EndProject
Project("{FAE04EC0-301F-11D3-BF4B-00C04F79EFBC}") = "day-2024-12-05.tests", "day-2024-12-05.tests\day-2024-12-05.tests.csproj", "{18A2CE8F-EF10-4010-82D8-8B7299034F6C}"
EndProject
Project("{FAE04EC0-301F-11D3-BF4B-00C04F79EFBC}") = "day-2024-12-06", "day-2024-12-06\day-2024-12-06.csproj", "{ED057203-F44D-4981-B777-98D5044A4F75}"
EndProject
Project("{FAE04EC0-301F-11D3-BF4B-00C04F79EFBC}") = "day-2024-12-06.app", "day-2024-12-06.app\day-2024-12-06.app.csproj", "{D51BFE38-FF09-46A9-A07F-42A7B80DEF21}"
EndProject
Project("{FAE04EC0-301F-11D3-BF4B-00C04F79EFBC}") = "day-2024-12-06.tests", "day-2024-12-06.tests\day-2024-12-06.tests.csproj", "{8DEBAD3F-5B76-4F35-9950-613EB2271E61}"
EndProject
Global
	GlobalSection(SolutionConfigurationPlatforms) = preSolution
		Debug|Any CPU = Debug|Any CPU
		Release|Any CPU = Release|Any CPU
	EndGlobalSection
	GlobalSection(SolutionProperties) = preSolution
		HideSolutionNode = FALSE
	EndGlobalSection
	GlobalSection(ProjectConfigurationPlatforms) = postSolution
		{5509712F-3452-4754-94DB-1496F146FAF2}.Debug|Any CPU.ActiveCfg = Debug|Any CPU
		{5509712F-3452-4754-94DB-1496F146FAF2}.Debug|Any CPU.Build.0 = Debug|Any CPU
		{5509712F-3452-4754-94DB-1496F146FAF2}.Release|Any CPU.ActiveCfg = Release|Any CPU
		{5509712F-3452-4754-94DB-1496F146FAF2}.Release|Any CPU.Build.0 = Release|Any CPU
		{05D8DB69-048A-411D-BEF4-58BC3A4106DF}.Debug|Any CPU.ActiveCfg = Debug|Any CPU
		{05D8DB69-048A-411D-BEF4-58BC3A4106DF}.Debug|Any CPU.Build.0 = Debug|Any CPU
		{05D8DB69-048A-411D-BEF4-58BC3A4106DF}.Release|Any CPU.ActiveCfg = Release|Any CPU
		{05D8DB69-048A-411D-BEF4-58BC3A4106DF}.Release|Any CPU.Build.0 = Release|Any CPU
		{EAED0F92-67FD-4756-BA56-772040C9740F}.Debug|Any CPU.ActiveCfg = Debug|Any CPU
		{EAED0F92-67FD-4756-BA56-772040C9740F}.Debug|Any CPU.Build.0 = Debug|Any CPU
		{EAED0F92-67FD-4756-BA56-772040C9740F}.Release|Any CPU.ActiveCfg = Release|Any CPU
		{EAED0F92-67FD-4756-BA56-772040C9740F}.Release|Any CPU.Build.0 = Release|Any CPU
		{DBA2F4AC-F834-41F0-B7F9-EBA008AEF32F}.Debug|Any CPU.ActiveCfg = Debug|Any CPU
		{DBA2F4AC-F834-41F0-B7F9-EBA008AEF32F}.Debug|Any CPU.Build.0 = Debug|Any CPU
		{DBA2F4AC-F834-41F0-B7F9-EBA008AEF32F}.Release|Any CPU.ActiveCfg = Release|Any CPU
		{DBA2F4AC-F834-41F0-B7F9-EBA008AEF32F}.Release|Any CPU.Build.0 = Release|Any CPU
		{734B84B9-BF68-4E88-A6E6-8C4C29658BAD}.Debug|Any CPU.ActiveCfg = Debug|Any CPU
		{734B84B9-BF68-4E88-A6E6-8C4C29658BAD}.Debug|Any CPU.Build.0 = Debug|Any CPU
		{734B84B9-BF68-4E88-A6E6-8C4C29658BAD}.Release|Any CPU.ActiveCfg = Release|Any CPU
		{734B84B9-BF68-4E88-A6E6-8C4C29658BAD}.Release|Any CPU.Build.0 = Release|Any CPU
		{E423CE2F-4447-4171-A9DD-1E045C2A63E7}.Debug|Any CPU.ActiveCfg = Debug|Any CPU
		{E423CE2F-4447-4171-A9DD-1E045C2A63E7}.Debug|Any CPU.Build.0 = Debug|Any CPU
		{E423CE2F-4447-4171-A9DD-1E045C2A63E7}.Release|Any CPU.ActiveCfg = Release|Any CPU
		{E423CE2F-4447-4171-A9DD-1E045C2A63E7}.Release|Any CPU.Build.0 = Release|Any CPU
		{D0D106CA-7A74-4CC0-A441-C4A52A66519C}.Debug|Any CPU.ActiveCfg = Debug|Any CPU
		{D0D106CA-7A74-4CC0-A441-C4A52A66519C}.Debug|Any CPU.Build.0 = Debug|Any CPU
		{D0D106CA-7A74-4CC0-A441-C4A52A66519C}.Release|Any CPU.ActiveCfg = Release|Any CPU
		{D0D106CA-7A74-4CC0-A441-C4A52A66519C}.Release|Any CPU.Build.0 = Release|Any CPU
		{B1B649C6-B7DC-432B-A51A-6A6FCFE82ADC}.Debug|Any CPU.ActiveCfg = Debug|Any CPU
		{B1B649C6-B7DC-432B-A51A-6A6FCFE82ADC}.Debug|Any CPU.Build.0 = Debug|Any CPU
		{B1B649C6-B7DC-432B-A51A-6A6FCFE82ADC}.Release|Any CPU.ActiveCfg = Release|Any CPU
		{B1B649C6-B7DC-432B-A51A-6A6FCFE82ADC}.Release|Any CPU.Build.0 = Release|Any CPU
		{E08E2138-0F88-4B2C-BD1F-AFEB1E50174B}.Debug|Any CPU.ActiveCfg = Debug|Any CPU
		{E08E2138-0F88-4B2C-BD1F-AFEB1E50174B}.Debug|Any CPU.Build.0 = Debug|Any CPU
		{E08E2138-0F88-4B2C-BD1F-AFEB1E50174B}.Release|Any CPU.ActiveCfg = Release|Any CPU
		{E08E2138-0F88-4B2C-BD1F-AFEB1E50174B}.Release|Any CPU.Build.0 = Release|Any CPU
		{0B8D3729-4807-482E-8437-2D16AC116DDD}.Debug|Any CPU.ActiveCfg = Debug|Any CPU
		{0B8D3729-4807-482E-8437-2D16AC116DDD}.Debug|Any CPU.Build.0 = Debug|Any CPU
		{0B8D3729-4807-482E-8437-2D16AC116DDD}.Release|Any CPU.ActiveCfg = Release|Any CPU
		{0B8D3729-4807-482E-8437-2D16AC116DDD}.Release|Any CPU.Build.0 = Release|Any CPU
		{2656FF59-D45B-4D2B-A70A-0B2C353C3E2C}.Debug|Any CPU.ActiveCfg = Debug|Any CPU
		{2656FF59-D45B-4D2B-A70A-0B2C353C3E2C}.Debug|Any CPU.Build.0 = Debug|Any CPU
		{2656FF59-D45B-4D2B-A70A-0B2C353C3E2C}.Release|Any CPU.ActiveCfg = Release|Any CPU
		{2656FF59-D45B-4D2B-A70A-0B2C353C3E2C}.Release|Any CPU.Build.0 = Release|Any CPU
		{8151D601-C75A-4542-9733-B56F24FA623F}.Debug|Any CPU.ActiveCfg = Debug|Any CPU
		{8151D601-C75A-4542-9733-B56F24FA623F}.Debug|Any CPU.Build.0 = Debug|Any CPU
		{8151D601-C75A-4542-9733-B56F24FA623F}.Release|Any CPU.ActiveCfg = Release|Any CPU
		{8151D601-C75A-4542-9733-B56F24FA623F}.Release|Any CPU.Build.0 = Release|Any CPU
		{6352E598-DAEB-4026-A34D-BF30FEEDC019}.Debug|Any CPU.ActiveCfg = Debug|Any CPU
		{6352E598-DAEB-4026-A34D-BF30FEEDC019}.Debug|Any CPU.Build.0 = Debug|Any CPU
		{6352E598-DAEB-4026-A34D-BF30FEEDC019}.Release|Any CPU.ActiveCfg = Release|Any CPU
		{6352E598-DAEB-4026-A34D-BF30FEEDC019}.Release|Any CPU.Build.0 = Release|Any CPU
		{C4B59DC9-8298-4361-A4A8-746171EF0AFD}.Debug|Any CPU.ActiveCfg = Debug|Any CPU
		{C4B59DC9-8298-4361-A4A8-746171EF0AFD}.Debug|Any CPU.Build.0 = Debug|Any CPU
		{C4B59DC9-8298-4361-A4A8-746171EF0AFD}.Release|Any CPU.ActiveCfg = Release|Any CPU
		{C4B59DC9-8298-4361-A4A8-746171EF0AFD}.Release|Any CPU.Build.0 = Release|Any CPU
		{3A6482E9-F5AE-41AC-8540-164B8A873198}.Debug|Any CPU.ActiveCfg = Debug|Any CPU
		{3A6482E9-F5AE-41AC-8540-164B8A873198}.Debug|Any CPU.Build.0 = Debug|Any CPU
		{3A6482E9-F5AE-41AC-8540-164B8A873198}.Release|Any CPU.ActiveCfg = Release|Any CPU
		{3A6482E9-F5AE-41AC-8540-164B8A873198}.Release|Any CPU.Build.0 = Release|Any CPU
		{46B28EF7-53CA-4EAC-B61A-68D8F102BBBB}.Debug|Any CPU.ActiveCfg = Debug|Any CPU
		{46B28EF7-53CA-4EAC-B61A-68D8F102BBBB}.Debug|Any CPU.Build.0 = Debug|Any CPU
		{46B28EF7-53CA-4EAC-B61A-68D8F102BBBB}.Release|Any CPU.ActiveCfg = Release|Any CPU
		{46B28EF7-53CA-4EAC-B61A-68D8F102BBBB}.Release|Any CPU.Build.0 = Release|Any CPU
		{18A2CE8F-EF10-4010-82D8-8B7299034F6C}.Debug|Any CPU.ActiveCfg = Debug|Any CPU
		{18A2CE8F-EF10-4010-82D8-8B7299034F6C}.Debug|Any CPU.Build.0 = Debug|Any CPU
		{18A2CE8F-EF10-4010-82D8-8B7299034F6C}.Release|Any CPU.ActiveCfg = Release|Any CPU
		{18A2CE8F-EF10-4010-82D8-8B7299034F6C}.Release|Any CPU.Build.0 = Release|Any CPU
		{ED057203-F44D-4981-B777-98D5044A4F75}.Debug|Any CPU.ActiveCfg = Debug|Any CPU
		{ED057203-F44D-4981-B777-98D5044A4F75}.Debug|Any CPU.Build.0 = Debug|Any CPU
		{ED057203-F44D-4981-B777-98D5044A4F75}.Release|Any CPU.ActiveCfg = Release|Any CPU
		{ED057203-F44D-4981-B777-98D5044A4F75}.Release|Any CPU.Build.0 = Release|Any CPU
		{D51BFE38-FF09-46A9-A07F-42A7B80DEF21}.Debug|Any CPU.ActiveCfg = Debug|Any CPU
		{D51BFE38-FF09-46A9-A07F-42A7B80DEF21}.Debug|Any CPU.Build.0 = Debug|Any CPU
		{D51BFE38-FF09-46A9-A07F-42A7B80DEF21}.Release|Any CPU.ActiveCfg = Release|Any CPU
		{D51BFE38-FF09-46A9-A07F-42A7B80DEF21}.Release|Any CPU.Build.0 = Release|Any CPU
		{8DEBAD3F-5B76-4F35-9950-613EB2271E61}.Debug|Any CPU.ActiveCfg = Debug|Any CPU
		{8DEBAD3F-5B76-4F35-9950-613EB2271E61}.Debug|Any CPU.Build.0 = Debug|Any CPU
		{8DEBAD3F-5B76-4F35-9950-613EB2271E61}.Release|Any CPU.ActiveCfg = Release|Any CPU
		{8DEBAD3F-5B76-4F35-9950-613EB2271E61}.Release|Any CPU.Build.0 = Release|Any CPU
	EndGlobalSection
EndGlobal
